{
  "nodes": {
    "flake-utils": {
      "locked": {
        "lastModified": 1644229661,
        "narHash": "sha256-1YdnJAsNy69bpcjuoKdOYQX0YxZBiCYZo4Twxerqv7k=",
        "owner": "numtide",
        "repo": "flake-utils",
        "rev": "3cecb5b042f7f209c56ffd8371b2711a290ec797",
        "type": "github"
      },
      "original": {
        "owner": "numtide",
        "repo": "flake-utils",
        "type": "github"
      }
    },
    "flake-utils_2": {
      "locked": {
        "lastModified": 1644229661,
        "narHash": "sha256-1YdnJAsNy69bpcjuoKdOYQX0YxZBiCYZo4Twxerqv7k=",
        "owner": "numtide",
        "repo": "flake-utils",
        "rev": "3cecb5b042f7f209c56ffd8371b2711a290ec797",
        "type": "github"
      },
      "original": {
        "owner": "numtide",
        "repo": "flake-utils",
        "type": "github"
      }
    },
    "flake-utils_3": {
      "locked": {
        "lastModified": 1637014545,
        "narHash": "sha256-26IZAc5yzlD9FlDT54io1oqG/bBoyka+FJk5guaX4x4=",
        "owner": "numtide",
        "repo": "flake-utils",
        "rev": "bba5dcc8e0b20ab664967ad83d24d64cb64ec4f4",
        "type": "github"
      },
      "original": {
        "owner": "numtide",
        "repo": "flake-utils",
        "type": "github"
      }
    },
    "nixpkgs": {
      "locked": {
        "lastModified": 1646415428,
        "narHash": "sha256-L6ysyFcumtr+JnSXIuBx3SzZaptTneSzJ6aPnQKE4Kg=",
        "owner": "NixOS",
        "repo": "nixpkgs",
        "rev": "639d0ff3523f1b4b0f82cf51dba4697b9c89323b",
        "type": "github"
      },
      "original": {
        "owner": "NixOS",
        "ref": "nixpkgs-unstable",
        "repo": "nixpkgs",
        "type": "github"
      }
    },
    "nixpkgs_2": {
      "locked": {
        "lastModified": 1645937171,
        "narHash": "sha256-n9f9GZBNMe8UMhcgmmaXNObkH01jjgp7INMrUgBgcy4=",
        "owner": "NixOS",
        "repo": "nixpkgs",
        "rev": "22dc22f8cedc58fcb11afe1acb08e9999e78be9c",
        "type": "github"
      },
      "original": {
        "owner": "NixOS",
        "ref": "nixpkgs-unstable",
        "repo": "nixpkgs",
        "type": "github"
      }
    },
    "root": {
      "inputs": {
        "flake-utils": "flake-utils",
        "nixpkgs": "nixpkgs",
        "saber-overlay": "saber-overlay"
      }
    },
    "rust-overlay": {
      "inputs": {
        "flake-utils": "flake-utils_3",
        "nixpkgs": [
          "saber-overlay",
          "nixpkgs"
        ]
      },
      "locked": {
        "lastModified": 1646014761,
        "narHash": "sha256-HdXvdU+wV+E1nNzG2vaQsUuBJQID3AB3BX88N8lA37M=",
        "owner": "oxalica",
        "repo": "rust-overlay",
        "rev": "c7d9566796b3ad5b257e187e1628488c7429b89e",
        "type": "github"
      },
      "original": {
        "owner": "oxalica",
        "repo": "rust-overlay",
        "type": "github"
      }
    },
    "saber-overlay": {
      "inputs": {
        "flake-utils": "flake-utils_2",
        "nixpkgs": "nixpkgs_2",
        "rust-overlay": "rust-overlay"
      },
      "locked": {
        "lastModified": 1646330389,
        "narHash": "sha256-UkptOLQuFGTz6GgUUBx3sOyQGEMLD1qhZQB1vK+Swdo=",
        "owner": "saber-hq",
        "repo": "saber-overlay",
        "rev": "b6164ea73c2f6505a2b7bd91710bca4b5230835b",
        "type": "github"
      },
      "original": {
        "owner": "saber-hq",
        "repo": "saber-overlay",
        "type": "github"
      }
    }
  },
  "root": "root",
  "version": 7
}
